// !$*UTF8*$!
{
	archiveVersion = 1;
	classes = {
	};
	objectVersion = 50;
	objects = {

/* Begin PBXBuildFile section */
		18830A94216EF6FD002548C5 /* AppDelegate.swift in Sources */ = {isa = PBXBuildFile; fileRef = 18830A93216EF6FD002548C5 /* AppDelegate.swift */; };
		18830A99216EF6FD002548C5 /* Main.storyboard in Resources */ = {isa = PBXBuildFile; fileRef = 18830A97216EF6FD002548C5 /* Main.storyboard */; };
		18830A9B216EF6FE002548C5 /* Assets.xcassets in Resources */ = {isa = PBXBuildFile; fileRef = 18830A9A216EF6FE002548C5 /* Assets.xcassets */; };
		18830A9E216EF6FE002548C5 /* LaunchScreen.storyboard in Resources */ = {isa = PBXBuildFile; fileRef = 18830A9C216EF6FE002548C5 /* LaunchScreen.storyboard */; };
		18830AA9216EF6FF002548C5 /* ForecastTests.swift in Sources */ = {isa = PBXBuildFile; fileRef = 18830AA8216EF6FF002548C5 /* ForecastTests.swift */; };
		18830AB4216EF742002548C5 /* ForecastViewController.swift in Sources */ = {isa = PBXBuildFile; fileRef = 18830AB3216EF742002548C5 /* ForecastViewController.swift */; };
		18830AB6216EF897002548C5 /* ForecastViewModel.swift in Sources */ = {isa = PBXBuildFile; fileRef = 18830AB5216EF897002548C5 /* ForecastViewModel.swift */; };
		18830AB8216EF8CB002548C5 /* ForecastModel.swift in Sources */ = {isa = PBXBuildFile; fileRef = 18830AB7216EF8CB002548C5 /* ForecastModel.swift */; };
		18830ABA216EF920002548C5 /* ForecastDayTableViewCell.swift in Sources */ = {isa = PBXBuildFile; fileRef = 18830AB9216EF920002548C5 /* ForecastDayTableViewCell.swift */; };
		18830ABC216EF95F002548C5 /* ForecastDayCellViewModel.swift in Sources */ = {isa = PBXBuildFile; fileRef = 18830ABB216EF95F002548C5 /* ForecastDayCellViewModel.swift */; };
		18830ABE216EF97B002548C5 /* ForecastAPIService.swift in Sources */ = {isa = PBXBuildFile; fileRef = 18830ABD216EF97B002548C5 /* ForecastAPIService.swift */; };
/* End PBXBuildFile section */

/* Begin PBXContainerItemProxy section */
		18830AA5216EF6FF002548C5 /* PBXContainerItemProxy */ = {
			isa = PBXContainerItemProxy;
			containerPortal = 18830A88216EF6FD002548C5 /* Project object */;
			proxyType = 1;
			remoteGlobalIDString = 18830A8F216EF6FD002548C5;
			remoteInfo = Forecast;
		};
/* End PBXContainerItemProxy section */

/* Begin PBXFileReference section */
		18830A90216EF6FD002548C5 /* Forecast.app */ = {isa = PBXFileReference; explicitFileType = wrapper.application; includeInIndex = 0; path = Forecast.app; sourceTree = BUILT_PRODUCTS_DIR; };
		18830A93216EF6FD002548C5 /* AppDelegate.swift */ = {isa = PBXFileReference; lastKnownFileType = sourcecode.swift; path = AppDelegate.swift; sourceTree = "<group>"; };
		18830A98216EF6FD002548C5 /* Base */ = {isa = PBXFileReference; lastKnownFileType = file.storyboard; name = Base; path = Base.lproj/Main.storyboard; sourceTree = "<group>"; };
		18830A9A216EF6FE002548C5 /* Assets.xcassets */ = {isa = PBXFileReference; lastKnownFileType = folder.assetcatalog; path = Assets.xcassets; sourceTree = "<group>"; };
		18830A9D216EF6FE002548C5 /* Base */ = {isa = PBXFileReference; lastKnownFileType = file.storyboard; name = Base; path = Base.lproj/LaunchScreen.storyboard; sourceTree = "<group>"; };
		18830A9F216EF6FE002548C5 /* Info.plist */ = {isa = PBXFileReference; lastKnownFileType = text.plist.xml; path = Info.plist; sourceTree = "<group>"; };
		18830AA4216EF6FF002548C5 /* ForecastTests.xctest */ = {isa = PBXFileReference; explicitFileType = wrapper.cfbundle; includeInIndex = 0; path = ForecastTests.xctest; sourceTree = BUILT_PRODUCTS_DIR; };
		18830AA8216EF6FF002548C5 /* ForecastTests.swift */ = {isa = PBXFileReference; lastKnownFileType = sourcecode.swift; path = ForecastTests.swift; sourceTree = "<group>"; };
		18830AAA216EF6FF002548C5 /* Info.plist */ = {isa = PBXFileReference; lastKnownFileType = text.plist.xml; path = Info.plist; sourceTree = "<group>"; };
		18830AB3216EF742002548C5 /* ForecastViewController.swift */ = {isa = PBXFileReference; lastKnownFileType = sourcecode.swift; path = ForecastViewController.swift; sourceTree = "<group>"; };
		18830AB5216EF897002548C5 /* ForecastViewModel.swift */ = {isa = PBXFileReference; lastKnownFileType = sourcecode.swift; path = ForecastViewModel.swift; sourceTree = "<group>"; };
		18830AB7216EF8CB002548C5 /* ForecastModel.swift */ = {isa = PBXFileReference; lastKnownFileType = sourcecode.swift; path = ForecastModel.swift; sourceTree = "<group>"; };
		18830AB9216EF920002548C5 /* ForecastDayTableViewCell.swift */ = {isa = PBXFileReference; lastKnownFileType = sourcecode.swift; path = ForecastDayTableViewCell.swift; sourceTree = "<group>"; };
		18830ABB216EF95F002548C5 /* ForecastDayCellViewModel.swift */ = {isa = PBXFileReference; lastKnownFileType = sourcecode.swift; path = ForecastDayCellViewModel.swift; sourceTree = "<group>"; };
		18830ABD216EF97B002548C5 /* ForecastAPIService.swift */ = {isa = PBXFileReference; lastKnownFileType = sourcecode.swift; path = ForecastAPIService.swift; sourceTree = "<group>"; };
/* End PBXFileReference section */

/* Begin PBXFrameworksBuildPhase section */
		18830A8D216EF6FD002548C5 /* Frameworks */ = {
			isa = PBXFrameworksBuildPhase;
			buildActionMask = 2147483647;
			files = (
			);
			runOnlyForDeploymentPostprocessing = 0;
		};
		18830AA1216EF6FF002548C5 /* Frameworks */ = {
			isa = PBXFrameworksBuildPhase;
			buildActionMask = 2147483647;
			files = (
			);
			runOnlyForDeploymentPostprocessing = 0;
		};
/* End PBXFrameworksBuildPhase section */

/* Begin PBXGroup section */
		18830A87216EF6FD002548C5 = {
			isa = PBXGroup;
			children = (
				18830A92216EF6FD002548C5 /* Forecast */,
				18830AA7216EF6FF002548C5 /* ForecastTests */,
				18830A91216EF6FD002548C5 /* Products */,
			);
			sourceTree = "<group>";
		};
		18830A91216EF6FD002548C5 /* Products */ = {
			isa = PBXGroup;
			children = (
				18830A90216EF6FD002548C5 /* Forecast.app */,
				18830AA4216EF6FF002548C5 /* ForecastTests.xctest */,
			);
			name = Products;
			sourceTree = "<group>";
		};
		18830A92216EF6FD002548C5 /* Forecast */ = {
			isa = PBXGroup;
			children = (
				18830A93216EF6FD002548C5 /* AppDelegate.swift */,
				18830AB3216EF742002548C5 /* ForecastViewController.swift */,
				18830AB5216EF897002548C5 /* ForecastViewModel.swift */,
				18830AB7216EF8CB002548C5 /* ForecastModel.swift */,
				18830AB9216EF920002548C5 /* ForecastDayTableViewCell.swift */,
				18830ABB216EF95F002548C5 /* ForecastDayCellViewModel.swift */,
				18830ABD216EF97B002548C5 /* ForecastAPIService.swift */,
				18830A97216EF6FD002548C5 /* Main.storyboard */,
				18830A9A216EF6FE002548C5 /* Assets.xcassets */,
				18830A9C216EF6FE002548C5 /* LaunchScreen.storyboard */,
				18830A9F216EF6FE002548C5 /* Info.plist */,
			);
			path = Forecast;
			sourceTree = "<group>";
		};
		18830AA7216EF6FF002548C5 /* ForecastTests */ = {
			isa = PBXGroup;
			children = (
				18830AA8216EF6FF002548C5 /* ForecastTests.swift */,
				18830AAA216EF6FF002548C5 /* Info.plist */,
			);
			path = ForecastTests;
			sourceTree = "<group>";
		};
/* End PBXGroup section */

/* Begin PBXNativeTarget section */
		18830A8F216EF6FD002548C5 /* Forecast */ = {
			isa = PBXNativeTarget;
			buildConfigurationList = 18830AAD216EF6FF002548C5 /* Build configuration list for PBXNativeTarget "Forecast" */;
			buildPhases = (
				18830A8C216EF6FD002548C5 /* Sources */,
				18830A8D216EF6FD002548C5 /* Frameworks */,
				18830A8E216EF6FD002548C5 /* Resources */,
			);
			buildRules = (
			);
			dependencies = (
			);
			name = Forecast;
			productName = Forecast;
			productReference = 18830A90216EF6FD002548C5 /* Forecast.app */;
			productType = "com.apple.product-type.application";
		};
		18830AA3216EF6FF002548C5 /* ForecastTests */ = {
			isa = PBXNativeTarget;
			buildConfigurationList = 18830AB0216EF6FF002548C5 /* Build configuration list for PBXNativeTarget "ForecastTests" */;
			buildPhases = (
				18830AA0216EF6FF002548C5 /* Sources */,
				18830AA1216EF6FF002548C5 /* Frameworks */,
				18830AA2216EF6FF002548C5 /* Resources */,
			);
			buildRules = (
			);
			dependencies = (
				18830AA6216EF6FF002548C5 /* PBXTargetDependency */,
			);
			name = ForecastTests;
			productName = ForecastTests;
			productReference = 18830AA4216EF6FF002548C5 /* ForecastTests.xctest */;
			productType = "com.apple.product-type.bundle.unit-test";
		};
/* End PBXNativeTarget section */

/* Begin PBXProject section */
		18830A88216EF6FD002548C5 /* Project object */ = {
			isa = PBXProject;
			attributes = {
				LastSwiftUpdateCheck = 1000;
				LastUpgradeCheck = 1000;
				ORGANIZATIONNAME = Apple;
				TargetAttributes = {
					18830A8F216EF6FD002548C5 = {
						CreatedOnToolsVersion = 10.0;
					};
					18830AA3216EF6FF002548C5 = {
						CreatedOnToolsVersion = 10.0;
						TestTargetID = 18830A8F216EF6FD002548C5;
					};
				};
			};
			buildConfigurationList = 18830A8B216EF6FD002548C5 /* Build configuration list for PBXProject "Forecast" */;
			compatibilityVersion = "Xcode 9.3";
			developmentRegion = en;
			hasScannedForEncodings = 0;
			knownRegions = (
				en,
				Base,
			);
			mainGroup = 18830A87216EF6FD002548C5;
			productRefGroup = 18830A91216EF6FD002548C5 /* Products */;
			projectDirPath = "";
			projectRoot = "";
			targets = (
				18830A8F216EF6FD002548C5 /* Forecast */,
				18830AA3216EF6FF002548C5 /* ForecastTests */,
			);
		};
/* End PBXProject section */

/* Begin PBXResourcesBuildPhase section */
		18830A8E216EF6FD002548C5 /* Resources */ = {
			isa = PBXResourcesBuildPhase;
			buildActionMask = 2147483647;
			files = (
				18830A9E216EF6FE002548C5 /* LaunchScreen.storyboard in Resources */,
				18830A9B216EF6FE002548C5 /* Assets.xcassets in Resources */,
				18830A99216EF6FD002548C5 /* Main.storyboard in Resources */,
			);
			runOnlyForDeploymentPostprocessing = 0;
		};
		18830AA2216EF6FF002548C5 /* Resources */ = {
			isa = PBXResourcesBuildPhase;
			buildActionMask = 2147483647;
			files = (
			);
			runOnlyForDeploymentPostprocessing = 0;
		};
/* End PBXResourcesBuildPhase section */

/* Begin PBXSourcesBuildPhase section */
		18830A8C216EF6FD002548C5 /* Sources */ = {
			isa = PBXSourcesBuildPhase;
			buildActionMask = 2147483647;
			files = (
				18830AB6216EF897002548C5 /* ForecastViewModel.swift in Sources */,
				18830ABC216EF95F002548C5 /* ForecastDayCellViewModel.swift in Sources */,
				18830A94216EF6FD002548C5 /* AppDelegate.swift in Sources */,
				18830AB8216EF8CB002548C5 /* ForecastModel.swift in Sources */,
				18830AB4216EF742002548C5 /* ForecastViewController.swift in Sources */,
				18830ABE216EF97B002548C5 /* ForecastAPIService.swift in Sources */,
				18830ABA216EF920002548C5 /* ForecastDayTableViewCell.swift in Sources */,
			);
			runOnlyForDeploymentPostprocessing = 0;
		};
		18830AA0216EF6FF002548C5 /* Sources */ = {
			isa = PBXSourcesBuildPhase;
			buildActionMask = 2147483647;
			files = (
				18830AA9216EF6FF002548C5 /* ForecastTests.swift in Sources */,
			);
			runOnlyForDeploymentPostprocessing = 0;
		};
/* End PBXSourcesBuildPhase section */

/* Begin PBXTargetDependency section */
		18830AA6216EF6FF002548C5 /* PBXTargetDependency */ = {
			isa = PBXTargetDependency;
			target = 18830A8F216EF6FD002548C5 /* Forecast */;
			targetProxy = 18830AA5216EF6FF002548C5 /* PBXContainerItemProxy */;
		};
/* End PBXTargetDependency section */

/* Begin PBXVariantGroup section */
		18830A97216EF6FD002548C5 /* Main.storyboard */ = {
			isa = PBXVariantGroup;
			children = (
				18830A98216EF6FD002548C5 /* Base */,
			);
			name = Main.storyboard;
			sourceTree = "<group>";
		};
		18830A9C216EF6FE002548C5 /* LaunchScreen.storyboard */ = {
			isa = PBXVariantGroup;
			children = (
				18830A9D216EF6FE002548C5 /* Base */,
			);
			name = LaunchScreen.storyboard;
			sourceTree = "<group>";
		};
/* End PBXVariantGroup section */

/* Begin XCBuildConfiguration section */
		18830AAB216EF6FF002548C5 /* Debug */ = {
			isa = XCBuildConfiguration;
			buildSettings = {
				ALWAYS_SEARCH_USER_PATHS = NO;
				CLANG_ANALYZER_NONNULL = YES;
				CLANG_ANALYZER_NUMBER_OBJECT_CONVERSION = YES_AGGRESSIVE;
				CLANG_CXX_LANGUAGE_STANDARD = "gnu++14";
				CLANG_CXX_LIBRARY = "libc++";
				CLANG_ENABLE_MODULES = YES;
				CLANG_ENABLE_OBJC_ARC = YES;
				CLANG_ENABLE_OBJC_WEAK = YES;
				CLANG_WARN_BLOCK_CAPTURE_AUTORELEASING = YES;
				CLANG_WARN_BOOL_CONVERSION = YES;
				CLANG_WARN_COMMA = YES;
				CLANG_WARN_CONSTANT_CONVERSION = YES;
				CLANG_WARN_DEPRECATED_OBJC_IMPLEMENTATIONS = YES;
				CLANG_WARN_DIRECT_OBJC_ISA_USAGE = YES_ERROR;
				CLANG_WARN_DOCUMENTATION_COMMENTS = YES;
				CLANG_WARN_EMPTY_BODY = YES;
				CLANG_WARN_ENUM_CONVERSION = YES;
				CLANG_WARN_INFINITE_RECURSION = YES;
				CLANG_WARN_INT_CONVERSION = YES;
				CLANG_WARN_NON_LITERAL_NULL_CONVERSION = YES;
				CLANG_WARN_OBJC_IMPLICIT_RETAIN_SELF = YES;
				CLANG_WARN_OBJC_LITERAL_CONVERSION = YES;
				CLANG_WARN_OBJC_ROOT_CLASS = YES_ERROR;
				CLANG_WARN_RANGE_LOOP_ANALYSIS = YES;
				CLANG_WARN_STRICT_PROTOTYPES = YES;
				CLANG_WARN_SUSPICIOUS_MOVE = YES;
				CLANG_WARN_UNGUARDED_AVAILABILITY = YES_AGGRESSIVE;
				CLANG_WARN_UNREACHABLE_CODE = YES;
				CLANG_WARN__DUPLICATE_METHOD_MATCH = YES;
				CODE_SIGN_IDENTITY = "iPhone Developer";
				COPY_PHASE_STRIP = NO;
				DEBUG_INFORMATION_FORMAT = dwarf;
				ENABLE_STRICT_OBJC_MSGSEND = YES;
				ENABLE_TESTABILITY = YES;
				GCC_C_LANGUAGE_STANDARD = gnu11;
				GCC_DYNAMIC_NO_PIC = NO;
				GCC_NO_COMMON_BLOCKS = YES;
				GCC_OPTIMIZATION_LEVEL = 0;
				GCC_PREPROCESSOR_DEFINITIONS = (
					"DEBUG=1",
					"$(inherited)",
				);
				GCC_WARN_64_TO_32_BIT_CONVERSION = YES;
				GCC_WARN_ABOUT_RETURN_TYPE = YES_ERROR;
				GCC_WARN_UNDECLARED_SELECTOR = YES;
				GCC_WARN_UNINITIALIZED_AUTOS = YES_AGGRESSIVE;
				GCC_WARN_UNUSED_FUNCTION = YES;
				GCC_WARN_UNUSED_VARIABLE = YES;
				IPHONEOS_DEPLOYMENT_TARGET = 12.0;
				MTL_ENABLE_DEBUG_INFO = INCLUDE_SOURCE;
				MTL_FAST_MATH = YES;
				ONLY_ACTIVE_ARCH = YES;
				SDKROOT = iphoneos;
				SWIFT_ACTIVE_COMPILATION_CONDITIONS = DEBUG;
				SWIFT_OPTIMIZATION_LEVEL = "-Onone";
			};
			name = Debug;
		};
		18830AAC216EF6FF002548C5 /* Release */ = {
			isa = XCBuildConfiguration;
			buildSettings = {
				ALWAYS_SEARCH_USER_PATHS = NO;
				CLANG_ANALYZER_NONNULL = YES;
				CLANG_ANALYZER_NUMBER_OBJECT_CONVERSION = YES_AGGRESSIVE;
				CLANG_CXX_LANGUAGE_STANDARD = "gnu++14";
				CLANG_CXX_LIBRARY = "libc++";
				CLANG_ENABLE_MODULES = YES;
				CLANG_ENABLE_OBJC_ARC = YES;
				CLANG_ENABLE_OBJC_WEAK = YES;
				CLANG_WARN_BLOCK_CAPTURE_AUTORELEASING = YES;
				CLANG_WARN_BOOL_CONVERSION = YES;
				CLANG_WARN_COMMA = YES;
				CLANG_WARN_CONSTANT_CONVERSION = YES;
				CLANG_WARN_DEPRECATED_OBJC_IMPLEMENTATIONS = YES;
				CLANG_WARN_DIRECT_OBJC_ISA_USAGE = YES_ERROR;
				CLANG_WARN_DOCUMENTATION_COMMENTS = YES;
				CLANG_WARN_EMPTY_BODY = YES;
				CLANG_WARN_ENUM_CONVERSION = YES;
				CLANG_WARN_INFINITE_RECURSION = YES;
				CLANG_WARN_INT_CONVERSION = YES;
				CLANG_WARN_NON_LITERAL_NULL_CONVERSION = YES;
				CLANG_WARN_OBJC_IMPLICIT_RETAIN_SELF = YES;
				CLANG_WARN_OBJC_LITERAL_CONVERSION = YES;
				CLANG_WARN_OBJC_ROOT_CLASS = YES_ERROR;
				CLANG_WARN_RANGE_LOOP_ANALYSIS = YES;
				CLANG_WARN_STRICT_PROTOTYPES = YES;
				CLANG_WARN_SUSPICIOUS_MOVE = YES;
				CLANG_WARN_UNGUARDED_AVAILABILITY = YES_AGGRESSIVE;
				CLANG_WARN_UNREACHABLE_CODE = YES;
				CLANG_WARN__DUPLICATE_METHOD_MATCH = YES;
				CODE_SIGN_IDENTITY = "iPhone Developer";
				COPY_PHASE_STRIP = NO;
				DEBUG_INFORMATION_FORMAT = "dwarf-with-dsym";
				ENABLE_NS_ASSERTIONS = NO;
				ENABLE_STRICT_OBJC_MSGSEND = YES;
				GCC_C_LANGUAGE_STANDARD = gnu11;
				GCC_NO_COMMON_BLOCKS = YES;
				GCC_WARN_64_TO_32_BIT_CONVERSION = YES;
				GCC_WARN_ABOUT_RETURN_TYPE = YES_ERROR;
				GCC_WARN_UNDECLARED_SELECTOR = YES;
				GCC_WARN_UNINITIALIZED_AUTOS = YES_AGGRESSIVE;
				GCC_WARN_UNUSED_FUNCTION = YES;
				GCC_WARN_UNUSED_VARIABLE = YES;
				IPHONEOS_DEPLOYMENT_TARGET = 12.0;
				MTL_ENABLE_DEBUG_INFO = NO;
				MTL_FAST_MATH = YES;
				SDKROOT = iphoneos;
				SWIFT_COMPILATION_MODE = wholemodule;
				SWIFT_OPTIMIZATION_LEVEL = "-O";
				VALIDATE_PRODUCT = YES;
			};
			name = Release;
		};
		18830AAE216EF6FF002548C5 /* Debug */ = {
			isa = XCBuildConfiguration;
			buildSettings = {
				ASSETCATALOG_COMPILER_APPICON_NAME = AppIcon;
				CODE_SIGN_STYLE = Automatic;
				INFOPLIST_FILE = Forecast/Info.plist;
				IPHONEOS_DEPLOYMENT_TARGET = 10.0;
				LD_RUNPATH_SEARCH_PATHS = (
					"$(inherited)",
					"@executable_path/Frameworks",
				);
				PRODUCT_BUNDLE_IDENTIFIER = com.myapplication.Forecast;
				PRODUCT_NAME = "$(TARGET_NAME)";
				SWIFT_VERSION = 4.0;
				TARGETED_DEVICE_FAMILY = "1,2";
			};
			name = Debug;
		};
		18830AAF216EF6FF002548C5 /* Release */ = {
			isa = XCBuildConfiguration;
			buildSettings = {
				ASSETCATALOG_COMPILER_APPICON_NAME = AppIcon;
				CODE_SIGN_STYLE = Automatic;
				INFOPLIST_FILE = Forecast/Info.plist;
				IPHONEOS_DEPLOYMENT_TARGET = 10.0;
				LD_RUNPATH_SEARCH_PATHS = (
					"$(inherited)",
					"@executable_path/Frameworks",
				);
				PRODUCT_BUNDLE_IDENTIFIER = com.myapplication.Forecast;
				PRODUCT_NAME = "$(TARGET_NAME)";
				SWIFT_VERSION = 4.0;
				TARGETED_DEVICE_FAMILY = "1,2";
			};
			name = Release;
		};
		18830AB1216EF6FF002548C5 /* Debug */ = {
			isa = XCBuildConfiguration;
			buildSettings = {
				ALWAYS_EMBED_SWIFT_STANDARD_LIBRARIES = YES;
				BUNDLE_LOADER = "$(TEST_HOST)";
				CODE_SIGN_STYLE = Automatic;
				INFOPLIST_FILE = ForecastTests/Info.plist;
				LD_RUNPATH_SEARCH_PATHS = (
					"$(inherited)",
					"@executable_path/Frameworks",
					"@loader_path/Frameworks",
				);
				PRODUCT_BUNDLE_IDENTIFIER = com.myapplication.ForecastTests;
				PRODUCT_NAME = "$(TARGET_NAME)";
				SWIFT_VERSION = 4.2;
				TARGETED_DEVICE_FAMILY = "1,2";
				TEST_HOST = "$(BUILT_PRODUCTS_DIR)/Forecast.app/Forecast";
			};
			name = Debug;
		};
		18830AB2216EF6FF002548C5 /* Release */ = {
			isa = XCBuildConfiguration;
			buildSettings = {
				ALWAYS_EMBED_SWIFT_STANDARD_LIBRARIES = YES;
				BUNDLE_LOADER = "$(TEST_HOST)";
				CODE_SIGN_STYLE = Automatic;
				INFOPLIST_FILE = ForecastTests/Info.plist;
				LD_RUNPATH_SEARCH_PATHS = (
					"$(inherited)",
					"@executable_path/Frameworks",
					"@loader_path/Frameworks",
				);
				PRODUCT_BUNDLE_IDENTIFIER = com.myapplication.ForecastTests;
				PRODUCT_NAME = "$(TARGET_NAME)";
				SWIFT_VERSION = 4.2;
				TARGETED_DEVICE_FAMILY = "1,2";
				TEST_HOST = "$(BUILT_PRODUCTS_DIR)/Forecast.app/Forecast";
			};
			name = Release;
		};
/* End XCBuildConfiguration section */

/* Begin XCConfigurationList section */
		18830A8B216EF6FD002548C5 /* Build configuration list for PBXProject "Forecast" */ = {
			isa = XCConfigurationList;
			buildConfigurations = (
				18830AAB216EF6FF002548C5 /* Debug */,
				18830AAC216EF6FF002548C5 /* Release */,
			);
			defaultConfigurationIsVisible = 0;
			defaultConfigurationName = Release;
		};
		18830AAD216EF6FF002548C5 /* Build configuration list for PBXNativeTarget "Forecast" */ = {
			isa = XCConfigurationList;
			buildConfigurations = (
				18830AAE216EF6FF002548C5 /* Debug */,
				18830AAF216EF6FF002548C5 /* Release */,
			);
			defaultConfigurationIsVisible = 0;
			defaultConfigurationName = Release;
		};
		18830AB0216EF6FF002548C5 /* Build configuration list for PBXNativeTarget "ForecastTests" */ = {
			isa = XCConfigurationList;
			buildConfigurations = (
				18830AB1216EF6FF002548C5 /* Debug */,
				18830AB2216EF6FF002548C5 /* Release */,
			);
			defaultConfigurationIsVisible = 0;
			defaultConfigurationName = Release;
		};
/* End XCConfigurationList section */
	};
	rootObject = 18830A88216EF6FD002548C5 /* Project object */;
}
